// !$*UTF8*$!
{
	archiveVersion = 1;
	classes = {
	};
	objectVersion = 55;
	objects = {

/* Begin PBXBuildFile section */
		5B701B602909910800D7A4E7 /* CiCdImplementationApp.swift in Sources */ = {isa = PBXBuildFile; fileRef = 5B701B5F2909910800D7A4E7 /* CiCdImplementationApp.swift */; };
		5B701B622909910800D7A4E7 /* ContentView.swift in Sources */ = {isa = PBXBuildFile; fileRef = 5B701B612909910800D7A4E7 /* ContentView.swift */; };
		5B701B642909910900D7A4E7 /* Assets.xcassets in Resources */ = {isa = PBXBuildFile; fileRef = 5B701B632909910900D7A4E7 /* Assets.xcassets */; };
		5B701B672909910900D7A4E7 /* Preview Assets.xcassets in Resources */ = {isa = PBXBuildFile; fileRef = 5B701B662909910900D7A4E7 /* Preview Assets.xcassets */; };
		5B701B712909910900D7A4E7 /* CiCdImplementationTests.swift in Sources */ = {isa = PBXBuildFile; fileRef = 5B701B702909910900D7A4E7 /* CiCdImplementationTests.swift */; };
		5B701B7B2909910900D7A4E7 /* CiCdImplementationUITests.swift in Sources */ = {isa = PBXBuildFile; fileRef = 5B701B7A2909910900D7A4E7 /* CiCdImplementationUITests.swift */; };
		5B701B7D2909910900D7A4E7 /* CiCdImplementationUITestsLaunchTests.swift in Sources */ = {isa = PBXBuildFile; fileRef = 5B701B7C2909910900D7A4E7 /* CiCdImplementationUITestsLaunchTests.swift */; };
/* End PBXBuildFile section */

/* Begin PBXContainerItemProxy section */
		5B701B6D2909910900D7A4E7 /* PBXContainerItemProxy */ = {
			isa = PBXContainerItemProxy;
			containerPortal = 5B701B542909910800D7A4E7 /* Project object */;
			proxyType = 1;
			remoteGlobalIDString = 5B701B5B2909910800D7A4E7;
			remoteInfo = CiCdImplementation;
		};
		5B701B772909910900D7A4E7 /* PBXContainerItemProxy */ = {
			isa = PBXContainerItemProxy;
			containerPortal = 5B701B542909910800D7A4E7 /* Project object */;
			proxyType = 1;
			remoteGlobalIDString = 5B701B5B2909910800D7A4E7;
			remoteInfo = CiCdImplementation;
		};
/* End PBXContainerItemProxy section */

/* Begin PBXFileReference section */
		5B701B5C2909910800D7A4E7 /* CiCdImplementation.app */ = {isa = PBXFileReference; explicitFileType = wrapper.application; includeInIndex = 0; path = CiCdImplementation.app; sourceTree = BUILT_PRODUCTS_DIR; };
		5B701B5F2909910800D7A4E7 /* CiCdImplementationApp.swift */ = {isa = PBXFileReference; lastKnownFileType = sourcecode.swift; path = CiCdImplementationApp.swift; sourceTree = "<group>"; };
		5B701B612909910800D7A4E7 /* ContentView.swift */ = {isa = PBXFileReference; lastKnownFileType = sourcecode.swift; path = ContentView.swift; sourceTree = "<group>"; };
		5B701B632909910900D7A4E7 /* Assets.xcassets */ = {isa = PBXFileReference; lastKnownFileType = folder.assetcatalog; path = Assets.xcassets; sourceTree = "<group>"; };
		5B701B662909910900D7A4E7 /* Preview Assets.xcassets */ = {isa = PBXFileReference; lastKnownFileType = folder.assetcatalog; path = "Preview Assets.xcassets"; sourceTree = "<group>"; };
		5B701B6C2909910900D7A4E7 /* CiCdImplementationTests.xctest */ = {isa = PBXFileReference; explicitFileType = wrapper.cfbundle; includeInIndex = 0; path = CiCdImplementationTests.xctest; sourceTree = BUILT_PRODUCTS_DIR; };
		5B701B702909910900D7A4E7 /* CiCdImplementationTests.swift */ = {isa = PBXFileReference; lastKnownFileType = sourcecode.swift; path = CiCdImplementationTests.swift; sourceTree = "<group>"; };
		5B701B762909910900D7A4E7 /* CiCdImplementationUITests.xctest */ = {isa = PBXFileReference; explicitFileType = wrapper.cfbundle; includeInIndex = 0; path = CiCdImplementationUITests.xctest; sourceTree = BUILT_PRODUCTS_DIR; };
		5B701B7A2909910900D7A4E7 /* CiCdImplementationUITests.swift */ = {isa = PBXFileReference; lastKnownFileType = sourcecode.swift; path = CiCdImplementationUITests.swift; sourceTree = "<group>"; };
		5B701B7C2909910900D7A4E7 /* CiCdImplementationUITestsLaunchTests.swift */ = {isa = PBXFileReference; lastKnownFileType = sourcecode.swift; path = CiCdImplementationUITestsLaunchTests.swift; sourceTree = "<group>"; };
/* End PBXFileReference section */

/* Begin PBXFrameworksBuildPhase section */
		5B701B592909910800D7A4E7 /* Frameworks */ = {
			isa = PBXFrameworksBuildPhase;
			buildActionMask = 2147483647;
			files = (
			);
			runOnlyForDeploymentPostprocessing = 0;
		};
		5B701B692909910900D7A4E7 /* Frameworks */ = {
			isa = PBXFrameworksBuildPhase;
			buildActionMask = 2147483647;
			files = (
			);
			runOnlyForDeploymentPostprocessing = 0;
		};
		5B701B732909910900D7A4E7 /* Frameworks */ = {
			isa = PBXFrameworksBuildPhase;
			buildActionMask = 2147483647;
			files = (
			);
			runOnlyForDeploymentPostprocessing = 0;
		};
/* End PBXFrameworksBuildPhase section */

/* Begin PBXGroup section */
		5B701B532909910800D7A4E7 = {
			isa = PBXGroup;
			children = (
				5B701B5E2909910800D7A4E7 /* CiCdImplementation */,
				5B701B6F2909910900D7A4E7 /* CiCdImplementationTests */,
				5B701B792909910900D7A4E7 /* CiCdImplementationUITests */,
				5B701B5D2909910800D7A4E7 /* Products */,
			);
			sourceTree = "<group>";
		};
		5B701B5D2909910800D7A4E7 /* Products */ = {
			isa = PBXGroup;
			children = (
				5B701B5C2909910800D7A4E7 /* CiCdImplementation.app */,
				5B701B6C2909910900D7A4E7 /* CiCdImplementationTests.xctest */,
				5B701B762909910900D7A4E7 /* CiCdImplementationUITests.xctest */,
			);
			name = Products;
			sourceTree = "<group>";
		};
		5B701B5E2909910800D7A4E7 /* CiCdImplementation */ = {
			isa = PBXGroup;
			children = (
				5B701B5F2909910800D7A4E7 /* CiCdImplementationApp.swift */,
				5B701B612909910800D7A4E7 /* ContentView.swift */,
				5B701B632909910900D7A4E7 /* Assets.xcassets */,
				5B701B652909910900D7A4E7 /* Preview Content */,
			);
			path = CiCdImplementation;
			sourceTree = "<group>";
		};
		5B701B652909910900D7A4E7 /* Preview Content */ = {
			isa = PBXGroup;
			children = (
				5B701B662909910900D7A4E7 /* Preview Assets.xcassets */,
			);
			path = "Preview Content";
			sourceTree = "<group>";
		};
		5B701B6F2909910900D7A4E7 /* CiCdImplementationTests */ = {
			isa = PBXGroup;
			children = (
				5B701B702909910900D7A4E7 /* CiCdImplementationTests.swift */,
			);
			path = CiCdImplementationTests;
			sourceTree = "<group>";
		};
		5B701B792909910900D7A4E7 /* CiCdImplementationUITests */ = {
			isa = PBXGroup;
			children = (
				5B701B7A2909910900D7A4E7 /* CiCdImplementationUITests.swift */,
				5B701B7C2909910900D7A4E7 /* CiCdImplementationUITestsLaunchTests.swift */,
			);
			path = CiCdImplementationUITests;
			sourceTree = "<group>";
		};
/* End PBXGroup section */

/* Begin PBXNativeTarget section */
		5B701B5B2909910800D7A4E7 /* CiCdImplementation */ = {
			isa = PBXNativeTarget;
			buildConfigurationList = 5B701B802909910900D7A4E7 /* Build configuration list for PBXNativeTarget "CiCdImplementation" */;
			buildPhases = (
				5B701B582909910800D7A4E7 /* Sources */,
				5B701B592909910800D7A4E7 /* Frameworks */,
				5B701B5A2909910800D7A4E7 /* Resources */,
			);
			buildRules = (
			);
			dependencies = (
			);
			name = CiCdImplementation;
			productName = CiCdImplementation;
			productReference = 5B701B5C2909910800D7A4E7 /* CiCdImplementation.app */;
			productType = "com.apple.product-type.application";
		};
		5B701B6B2909910900D7A4E7 /* CiCdImplementationTests */ = {
			isa = PBXNativeTarget;
			buildConfigurationList = 5B701B832909910900D7A4E7 /* Build configuration list for PBXNativeTarget "CiCdImplementationTests" */;
			buildPhases = (
				5B701B682909910900D7A4E7 /* Sources */,
				5B701B692909910900D7A4E7 /* Frameworks */,
				5B701B6A2909910900D7A4E7 /* Resources */,
			);
			buildRules = (
			);
			dependencies = (
				5B701B6E2909910900D7A4E7 /* PBXTargetDependency */,
			);
			name = CiCdImplementationTests;
			productName = CiCdImplementationTests;
			productReference = 5B701B6C2909910900D7A4E7 /* CiCdImplementationTests.xctest */;
			productType = "com.apple.product-type.bundle.unit-test";
		};
		5B701B752909910900D7A4E7 /* CiCdImplementationUITests */ = {
			isa = PBXNativeTarget;
			buildConfigurationList = 5B701B862909910900D7A4E7 /* Build configuration list for PBXNativeTarget "CiCdImplementationUITests" */;
			buildPhases = (
				5B701B722909910900D7A4E7 /* Sources */,
				5B701B732909910900D7A4E7 /* Frameworks */,
				5B701B742909910900D7A4E7 /* Resources */,
			);
			buildRules = (
			);
			dependencies = (
				5B701B782909910900D7A4E7 /* PBXTargetDependency */,
			);
			name = CiCdImplementationUITests;
			productName = CiCdImplementationUITests;
			productReference = 5B701B762909910900D7A4E7 /* CiCdImplementationUITests.xctest */;
			productType = "com.apple.product-type.bundle.ui-testing";
		};
/* End PBXNativeTarget section */

/* Begin PBXProject section */
		5B701B542909910800D7A4E7 /* Project object */ = {
			isa = PBXProject;
			attributes = {
				BuildIndependentTargetsInParallel = 1;
				LastSwiftUpdateCheck = 1340;
				LastUpgradeCheck = 1340;
				TargetAttributes = {
					5B701B5B2909910800D7A4E7 = {
						CreatedOnToolsVersion = 13.4.1;
					};
					5B701B6B2909910900D7A4E7 = {
						CreatedOnToolsVersion = 13.4.1;
						TestTargetID = 5B701B5B2909910800D7A4E7;
					};
					5B701B752909910900D7A4E7 = {
						CreatedOnToolsVersion = 13.4.1;
						TestTargetID = 5B701B5B2909910800D7A4E7;
					};
				};
			};
			buildConfigurationList = 5B701B572909910800D7A4E7 /* Build configuration list for PBXProject "CiCdImplementation" */;
			compatibilityVersion = "Xcode 13.0";
			developmentRegion = en;
			hasScannedForEncodings = 0;
			knownRegions = (
				en,
				Base,
			);
			mainGroup = 5B701B532909910800D7A4E7;
			productRefGroup = 5B701B5D2909910800D7A4E7 /* Products */;
			projectDirPath = "";
			projectRoot = "";
			targets = (
				5B701B5B2909910800D7A4E7 /* CiCdImplementation */,
				5B701B6B2909910900D7A4E7 /* CiCdImplementationTests */,
				5B701B752909910900D7A4E7 /* CiCdImplementationUITests */,
			);
		};
/* End PBXProject section */

/* Begin PBXResourcesBuildPhase section */
		5B701B5A2909910800D7A4E7 /* Resources */ = {
			isa = PBXResourcesBuildPhase;
			buildActionMask = 2147483647;
			files = (
				5B701B672909910900D7A4E7 /* Preview Assets.xcassets in Resources */,
				5B701B642909910900D7A4E7 /* Assets.xcassets in Resources */,
			);
			runOnlyForDeploymentPostprocessing = 0;
		};
		5B701B6A2909910900D7A4E7 /* Resources */ = {
			isa = PBXResourcesBuildPhase;
			buildActionMask = 2147483647;
			files = (
			);
			runOnlyForDeploymentPostprocessing = 0;
		};
		5B701B742909910900D7A4E7 /* Resources */ = {
			isa = PBXResourcesBuildPhase;
			buildActionMask = 2147483647;
			files = (
			);
			runOnlyForDeploymentPostprocessing = 0;
		};
/* End PBXResourcesBuildPhase section */

/* Begin PBXSourcesBuildPhase section */
		5B701B582909910800D7A4E7 /* Sources */ = {
			isa = PBXSourcesBuildPhase;
			buildActionMask = 2147483647;
			files = (
				5B701B622909910800D7A4E7 /* ContentView.swift in Sources */,
				5B701B602909910800D7A4E7 /* CiCdImplementationApp.swift in Sources */,
			);
			runOnlyForDeploymentPostprocessing = 0;
		};
		5B701B682909910900D7A4E7 /* Sources */ = {
			isa = PBXSourcesBuildPhase;
			buildActionMask = 2147483647;
			files = (
				5B701B712909910900D7A4E7 /* CiCdImplementationTests.swift in Sources */,
			);
			runOnlyForDeploymentPostprocessing = 0;
		};
		5B701B722909910900D7A4E7 /* Sources */ = {
			isa = PBXSourcesBuildPhase;
			buildActionMask = 2147483647;
			files = (
				5B701B7B2909910900D7A4E7 /* CiCdImplementationUITests.swift in Sources */,
				5B701B7D2909910900D7A4E7 /* CiCdImplementationUITestsLaunchTests.swift in Sources */,
			);
			runOnlyForDeploymentPostprocessing = 0;
		};
/* End PBXSourcesBuildPhase section */

/* Begin PBXTargetDependency section */
		5B701B6E2909910900D7A4E7 /* PBXTargetDependency */ = {
			isa = PBXTargetDependency;
			target = 5B701B5B2909910800D7A4E7 /* CiCdImplementation */;
			targetProxy = 5B701B6D2909910900D7A4E7 /* PBXContainerItemProxy */;
		};
		5B701B782909910900D7A4E7 /* PBXTargetDependency */ = {
			isa = PBXTargetDependency;
			target = 5B701B5B2909910800D7A4E7 /* CiCdImplementation */;
			targetProxy = 5B701B772909910900D7A4E7 /* PBXContainerItemProxy */;
		};
/* End PBXTargetDependency section */

/* Begin XCBuildConfiguration section */
		5B701B7E2909910900D7A4E7 /* Debug */ = {
			isa = XCBuildConfiguration;
			buildSettings = {
				ALWAYS_SEARCH_USER_PATHS = NO;
				CLANG_ANALYZER_NONNULL = YES;
				CLANG_ANALYZER_NUMBER_OBJECT_CONVERSION = YES_AGGRESSIVE;
				CLANG_CXX_LANGUAGE_STANDARD = "gnu++17";
				CLANG_ENABLE_MODULES = YES;
				CLANG_ENABLE_OBJC_ARC = YES;
				CLANG_ENABLE_OBJC_WEAK = YES;
				CLANG_WARN_BLOCK_CAPTURE_AUTORELEASING = YES;
				CLANG_WARN_BOOL_CONVERSION = YES;
				CLANG_WARN_COMMA = YES;
				CLANG_WARN_CONSTANT_CONVERSION = YES;
				CLANG_WARN_DEPRECATED_OBJC_IMPLEMENTATIONS = YES;
				CLANG_WARN_DIRECT_OBJC_ISA_USAGE = YES_ERROR;
				CLANG_WARN_DOCUMENTATION_COMMENTS = YES;
				CLANG_WARN_EMPTY_BODY = YES;
				CLANG_WARN_ENUM_CONVERSION = YES;
				CLANG_WARN_INFINITE_RECURSION = YES;
				CLANG_WARN_INT_CONVERSION = YES;
				CLANG_WARN_NON_LITERAL_NULL_CONVERSION = YES;
				CLANG_WARN_OBJC_IMPLICIT_RETAIN_SELF = YES;
				CLANG_WARN_OBJC_LITERAL_CONVERSION = YES;
				CLANG_WARN_OBJC_ROOT_CLASS = YES_ERROR;
				CLANG_WARN_QUOTED_INCLUDE_IN_FRAMEWORK_HEADER = YES;
				CLANG_WARN_RANGE_LOOP_ANALYSIS = YES;
				CLANG_WARN_STRICT_PROTOTYPES = YES;
				CLANG_WARN_SUSPICIOUS_MOVE = YES;
				CLANG_WARN_UNGUARDED_AVAILABILITY = YES_AGGRESSIVE;
				CLANG_WARN_UNREACHABLE_CODE = YES;
				CLANG_WARN__DUPLICATE_METHOD_MATCH = YES;
				COPY_PHASE_STRIP = NO;
				DEBUG_INFORMATION_FORMAT = dwarf;
				ENABLE_STRICT_OBJC_MSGSEND = YES;
				ENABLE_TESTABILITY = YES;
				GCC_C_LANGUAGE_STANDARD = gnu11;
				GCC_DYNAMIC_NO_PIC = NO;
				GCC_NO_COMMON_BLOCKS = YES;
				GCC_OPTIMIZATION_LEVEL = 0;
				GCC_PREPROCESSOR_DEFINITIONS = (
					"DEBUG=1",
					"$(inherited)",
				);
				GCC_WARN_64_TO_32_BIT_CONVERSION = YES;
				GCC_WARN_ABOUT_RETURN_TYPE = YES_ERROR;
				GCC_WARN_UNDECLARED_SELECTOR = YES;
				GCC_WARN_UNINITIALIZED_AUTOS = YES_AGGRESSIVE;
				GCC_WARN_UNUSED_FUNCTION = YES;
				GCC_WARN_UNUSED_VARIABLE = YES;
				IPHONEOS_DEPLOYMENT_TARGET = 15.5;
				MTL_ENABLE_DEBUG_INFO = INCLUDE_SOURCE;
				MTL_FAST_MATH = YES;
				ONLY_ACTIVE_ARCH = YES;
				SDKROOT = iphoneos;
				SWIFT_ACTIVE_COMPILATION_CONDITIONS = DEBUG;
				SWIFT_OPTIMIZATION_LEVEL = "-Onone";
			};
			name = Debug;
		};
		5B701B7F2909910900D7A4E7 /* Release */ = {
			isa = XCBuildConfiguration;
			buildSettings = {
				ALWAYS_SEARCH_USER_PATHS = NO;
				CLANG_ANALYZER_NONNULL = YES;
				CLANG_ANALYZER_NUMBER_OBJECT_CONVERSION = YES_AGGRESSIVE;
				CLANG_CXX_LANGUAGE_STANDARD = "gnu++17";
				CLANG_ENABLE_MODULES = YES;
				CLANG_ENABLE_OBJC_ARC = YES;
				CLANG_ENABLE_OBJC_WEAK = YES;
				CLANG_WARN_BLOCK_CAPTURE_AUTORELEASING = YES;
				CLANG_WARN_BOOL_CONVERSION = YES;
				CLANG_WARN_COMMA = YES;
				CLANG_WARN_CONSTANT_CONVERSION = YES;
				CLANG_WARN_DEPRECATED_OBJC_IMPLEMENTATIONS = YES;
				CLANG_WARN_DIRECT_OBJC_ISA_USAGE = YES_ERROR;
				CLANG_WARN_DOCUMENTATION_COMMENTS = YES;
				CLANG_WARN_EMPTY_BODY = YES;
				CLANG_WARN_ENUM_CONVERSION = YES;
				CLANG_WARN_INFINITE_RECURSION = YES;
				CLANG_WARN_INT_CONVERSION = YES;
				CLANG_WARN_NON_LITERAL_NULL_CONVERSION = YES;
				CLANG_WARN_OBJC_IMPLICIT_RETAIN_SELF = YES;
				CLANG_WARN_OBJC_LITERAL_CONVERSION = YES;
				CLANG_WARN_OBJC_ROOT_CLASS = YES_ERROR;
				CLANG_WARN_QUOTED_INCLUDE_IN_FRAMEWORK_HEADER = YES;
				CLANG_WARN_RANGE_LOOP_ANALYSIS = YES;
				CLANG_WARN_STRICT_PROTOTYPES = YES;
				CLANG_WARN_SUSPICIOUS_MOVE = YES;
				CLANG_WARN_UNGUARDED_AVAILABILITY = YES_AGGRESSIVE;
				CLANG_WARN_UNREACHABLE_CODE = YES;
				CLANG_WARN__DUPLICATE_METHOD_MATCH = YES;
				COPY_PHASE_STRIP = NO;
				DEBUG_INFORMATION_FORMAT = "dwarf-with-dsym";
				ENABLE_NS_ASSERTIONS = NO;
				ENABLE_STRICT_OBJC_MSGSEND = YES;
				GCC_C_LANGUAGE_STANDARD = gnu11;
				GCC_NO_COMMON_BLOCKS = YES;
				GCC_WARN_64_TO_32_BIT_CONVERSION = YES;
				GCC_WARN_ABOUT_RETURN_TYPE = YES_ERROR;
				GCC_WARN_UNDECLARED_SELECTOR = YES;
				GCC_WARN_UNINITIALIZED_AUTOS = YES_AGGRESSIVE;
				GCC_WARN_UNUSED_FUNCTION = YES;
				GCC_WARN_UNUSED_VARIABLE = YES;
				IPHONEOS_DEPLOYMENT_TARGET = 15.5;
				MTL_ENABLE_DEBUG_INFO = NO;
				MTL_FAST_MATH = YES;
				SDKROOT = iphoneos;
				SWIFT_COMPILATION_MODE = wholemodule;
				SWIFT_OPTIMIZATION_LEVEL = "-O";
				VALIDATE_PRODUCT = YES;
			};
			name = Release;
		};
		5B701B812909910900D7A4E7 /* Debug */ = {
			isa = XCBuildConfiguration;
			buildSettings = {
				ASSETCATALOG_COMPILER_APPICON_NAME = AppIcon;
				ASSETCATALOG_COMPILER_GLOBAL_ACCENT_COLOR_NAME = AccentColor;
				CODE_SIGN_STYLE = Automatic;
				CURRENT_PROJECT_VERSION = 1;
				DEVELOPMENT_ASSET_PATHS = "\"CiCdImplementation/Preview Content\"";
				ENABLE_PREVIEWS = YES;
				GENERATE_INFOPLIST_FILE = YES;
				INFOPLIST_KEY_UIApplicationSceneManifest_Generation = YES;
				INFOPLIST_KEY_UIApplicationSupportsIndirectInputEvents = YES;
				INFOPLIST_KEY_UILaunchScreen_Generation = YES;
				INFOPLIST_KEY_UISupportedInterfaceOrientations_iPad = "UIInterfaceOrientationPortrait UIInterfaceOrientationPortraitUpsideDown UIInterfaceOrientationLandscapeLeft UIInterfaceOrientationLandscapeRight";
				INFOPLIST_KEY_UISupportedInterfaceOrientations_iPhone = "UIInterfaceOrientationPortrait UIInterfaceOrientationLandscapeLeft UIInterfaceOrientationLandscapeRight";
				LD_RUNPATH_SEARCH_PATHS = (
					"$(inherited)",
					"@executable_path/Frameworks",
				);
				MARKETING_VERSION = 1.0;
				PRODUCT_BUNDLE_IDENTIFIER = TicTacToe.CiCdImplementation;
				PRODUCT_NAME = "$(TARGET_NAME)";
				SWIFT_EMIT_LOC_STRINGS = YES;
				SWIFT_VERSION = 5.0;
				TARGETED_DEVICE_FAMILY = "1,2";
			};
			name = Debug;
		};
		5B701B822909910900D7A4E7 /* Release */ = {
			isa = XCBuildConfiguration;
			buildSettings = {
				ASSETCATALOG_COMPILER_APPICON_NAME = AppIcon;
				ASSETCATALOG_COMPILER_GLOBAL_ACCENT_COLOR_NAME = AccentColor;
				CODE_SIGN_STYLE = Automatic;
				CURRENT_PROJECT_VERSION = 1;
				DEVELOPMENT_ASSET_PATHS = "\"CiCdImplementation/Preview Content\"";
				ENABLE_PREVIEWS = YES;
				GENERATE_INFOPLIST_FILE = YES;
				INFOPLIST_KEY_UIApplicationSceneManifest_Generation = YES;
				INFOPLIST_KEY_UIApplicationSupportsIndirectInputEvents = YES;
				INFOPLIST_KEY_UILaunchScreen_Generation = YES;
				INFOPLIST_KEY_UISupportedInterfaceOrientations_iPad = "UIInterfaceOrientationPortrait UIInterfaceOrientationPortraitUpsideDown UIInterfaceOrientationLandscapeLeft UIInterfaceOrientationLandscapeRight";
				INFOPLIST_KEY_UISupportedInterfaceOrientations_iPhone = "UIInterfaceOrientationPortrait UIInterfaceOrientationLandscapeLeft UIInterfaceOrientationLandscapeRight";
				LD_RUNPATH_SEARCH_PATHS = (
					"$(inherited)",
					"@executable_path/Frameworks",
				);
				MARKETING_VERSION = 1.0;
				PRODUCT_BUNDLE_IDENTIFIER = TicTacToe.CiCdImplementation;
				PRODUCT_NAME = "$(TARGET_NAME)";
				SWIFT_EMIT_LOC_STRINGS = YES;
				SWIFT_VERSION = 5.0;
				TARGETED_DEVICE_FAMILY = "1,2";
			};
			name = Release;
		};
		5B701B842909910900D7A4E7 /* Debug */ = {
			isa = XCBuildConfiguration;
			buildSettings = {
				ALWAYS_EMBED_SWIFT_STANDARD_LIBRARIES = YES;
				BUNDLE_LOADER = "$(TEST_HOST)";
				CODE_SIGN_STYLE = Automatic;
				CURRENT_PROJECT_VERSION = 1;
				GENERATE_INFOPLIST_FILE = YES;
				IPHONEOS_DEPLOYMENT_TARGET = 15.5;
				MARKETING_VERSION = 1.0;
				PRODUCT_BUNDLE_IDENTIFIER = TicTacToe.CiCdImplementationTests;
				PRODUCT_NAME = "$(TARGET_NAME)";
				SWIFT_EMIT_LOC_STRINGS = NO;
				SWIFT_VERSION = 5.0;
				TARGETED_DEVICE_FAMILY = "1,2";
				TEST_HOST = "$(BUILT_PRODUCTS_DIR)/CiCdImplementation.app/CiCdImplementation";
			};
			name = Debug;
		};
		5B701B852909910900D7A4E7 /* Release */ = {
			isa = XCBuildConfiguration;
			buildSettings = {
				ALWAYS_EMBED_SWIFT_STANDARD_LIBRARIES = YES;
				BUNDLE_LOADER = "$(TEST_HOST)";
				CODE_SIGN_STYLE = Automatic;
				CURRENT_PROJECT_VERSION = 1;
				GENERATE_INFOPLIST_FILE = YES;
				IPHONEOS_DEPLOYMENT_TARGET = 15.5;
				MARKETING_VERSION = 1.0;
				PRODUCT_BUNDLE_IDENTIFIER = TicTacToe.CiCdImplementationTests;
				PRODUCT_NAME = "$(TARGET_NAME)";
				SWIFT_EMIT_LOC_STRINGS = NO;
				SWIFT_VERSION = 5.0;
				TARGETED_DEVICE_FAMILY = "1,2";
				TEST_HOST = "$(BUILT_PRODUCTS_DIR)/CiCdImplementation.app/CiCdImplementation";
			};
			name = Release;
		};
		5B701B872909910900D7A4E7 /* Debug */ = {
			isa = XCBuildConfiguration;
			buildSettings = {
				ALWAYS_EMBED_SWIFT_STANDARD_LIBRARIES = YES;
				CODE_SIGN_STYLE = Automatic;
				CURRENT_PROJECT_VERSION = 1;
				GENERATE_INFOPLIST_FILE = YES;
				MARKETING_VERSION = 1.0;
				PRODUCT_BUNDLE_IDENTIFIER = TicTacToe.CiCdImplementationUITests;
				PRODUCT_NAME = "$(TARGET_NAME)";
				SWIFT_EMIT_LOC_STRINGS = NO;
				SWIFT_VERSION = 5.0;
				TARGETED_DEVICE_FAMILY = "1,2";
				TEST_TARGET_NAME = CiCdImplementation;
			};
			name = Debug;
		};
		5B701B882909910900D7A4E7 /* Release */ = {
			isa = XCBuildConfiguration;
			buildSettings = {
				ALWAYS_EMBED_SWIFT_STANDARD_LIBRARIES = YES;
				CODE_SIGN_STYLE = Automatic;
				CURRENT_PROJECT_VERSION = 1;
				GENERATE_INFOPLIST_FILE = YES;
				MARKETING_VERSION = 1.0;
				PRODUCT_BUNDLE_IDENTIFIER = TicTacToe.CiCdImplementationUITests;
				PRODUCT_NAME = "$(TARGET_NAME)";
				SWIFT_EMIT_LOC_STRINGS = NO;
				SWIFT_VERSION = 5.0;
				TARGETED_DEVICE_FAMILY = "1,2";
				TEST_TARGET_NAME = CiCdImplementation;
			};
			name = Release;
		};
/* End XCBuildConfiguration section */

/* Begin XCConfigurationList section */
		5B701B572909910800D7A4E7 /* Build configuration list for PBXProject "CiCdImplementation" */ = {
			isa = XCConfigurationList;
			buildConfigurations = (
				5B701B7E2909910900D7A4E7 /* Debug */,
				5B701B7F2909910900D7A4E7 /* Release */,
			);
			defaultConfigurationIsVisible = 0;
			defaultConfigurationName = Release;
		};
		5B701B802909910900D7A4E7 /* Build configuration list for PBXNativeTarget "CiCdImplementation" */ = {
			isa = XCConfigurationList;
			buildConfigurations = (
				5B701B812909910900D7A4E7 /* Debug */,
				5B701B822909910900D7A4E7 /* Release */,
			);
			defaultConfigurationIsVisible = 0;
			defaultConfigurationName = Release;
		};
		5B701B832909910900D7A4E7 /* Build configuration list for PBXNativeTarget "CiCdImplementationTests" */ = {
			isa = XCConfigurationList;
			buildConfigurations = (
				5B701B842909910900D7A4E7 /* Debug */,
				5B701B852909910900D7A4E7 /* Release */,
			);
			defaultConfigurationIsVisible = 0;
			defaultConfigurationName = Release;
		};
		5B701B862909910900D7A4E7 /* Build configuration list for PBXNativeTarget "CiCdImplementationUITests" */ = {
			isa = XCConfigurationList;
			buildConfigurations = (
				5B701B872909910900D7A4E7 /* Debug */,
				5B701B882909910900D7A4E7 /* Release */,
			);
			defaultConfigurationIsVisible = 0;
			defaultConfigurationName = Release;
		};
/* End XCConfigurationList section */
	};
	rootObject = 5B701B542909910800D7A4E7 /* Project object */;
}
